
Microsoft Visual Studio Solution File, Format Version 12.00
# Visual Studio 15
VisualStudioVersion = 15.0.27703.2026
MinimumVisualStudioVersion = 10.0.40219.1
Project("{FAE04EC0-301F-11D3-BF4B-00C04F79EFBC}") = "WebPowerHouseFitness", "WebPowerHouseFitness\WebPowerHouseFitness.csproj", "{033ADC4F-025E-4FA6-9FCB-3D83A1129D11}"
EndProject
Global
	GlobalSection(SolutionConfigurationPlatforms) = preSolution
		Debug|Any CPU = Debug|Any CPU
		Release|Any CPU = Release|Any CPU
	EndGlobalSection
	GlobalSection(ProjectConfigurationPlatforms) = postSolution
		{033ADC4F-025E-4FA6-9FCB-3D83A1129D11}.Debug|Any CPU.ActiveCfg = Debug|Any CPU
		{033ADC4F-025E-4FA6-9FCB-3D83A1129D11}.Debug|Any CPU.Build.0 = Debug|Any CPU
		{033ADC4F-025E-4FA6-9FCB-3D83A1129D11}.Release|Any CPU.ActiveCfg = Release|Any CPU
		{033ADC4F-025E-4FA6-9FCB-3D83A1129D11}.Release|Any CPU.Build.0 = Release|Any CPU
	EndGlobalSection
	GlobalSection(SolutionProperties) = preSolution
		HideSolutionNode = FALSE
	EndGlobalSection
	GlobalSection(ExtensibilityGlobals) = postSolution
		SolutionGuid = {09F46A6D-DF9F-462D-AD8A-2B8DB17289CD}
	EndGlobalSection
EndGlobal
